// !$*UTF8*$!
{
	archiveVersion = 1;
	classes = {
	};
	objectVersion = 45;
	objects = {

/* Begin PBXBuildFile section */
		1D3623260D0F684500981E51 /* StompMessagingDemoAppDelegate.m in Sources */ = {isa = PBXBuildFile; fileRef = 1D3623250D0F684500981E51 /* StompMessagingDemoAppDelegate.m */; };
		1D60589B0D05DD56006BFB54 /* main.m in Sources */ = {isa = PBXBuildFile; fileRef = 29B97316FDCFA39411CA2CEA /* main.m */; };
		1D60589F0D05DD5A006BFB54 /* Foundation.framework in Frameworks */ = {isa = PBXBuildFile; fileRef = 1D30AB110D05D00D00671497 /* Foundation.framework */; };
		1DF5F4E00D08C38300B7A737 /* UIKit.framework in Frameworks */ = {isa = PBXBuildFile; fileRef = 1DF5F4DF0D08C38300B7A737 /* UIKit.framework */; };
		288765A50DF7441C002DB57D /* CoreGraphics.framework in Frameworks */ = {isa = PBXBuildFile; fileRef = 288765A40DF7441C002DB57D /* CoreGraphics.framework */; };
		2899E5220DE3E06400AC0155 /* StompMessagingDemoViewController.xib in Resources */ = {isa = PBXBuildFile; fileRef = 2899E5210DE3E06400AC0155 /* StompMessagingDemoViewController.xib */; };
		28AD733F0D9D9553002E5188 /* MainWindow.xib in Resources */ = {isa = PBXBuildFile; fileRef = 28AD733E0D9D9553002E5188 /* MainWindow.xib */; };
		28D7ACF80DDB3853001CB0EB /* StompMessagingDemoViewController.m in Sources */ = {isa = PBXBuildFile; fileRef = 28D7ACF70DDB3853001CB0EB /* StompMessagingDemoViewController.m */; };
		F85FEF1B1058B59200B01459 /* AsyncSocket.m in Sources */ = {isa = PBXBuildFile; fileRef = F85FEF181058B59200B01459 /* AsyncSocket.m */; };
		F85FEF201058B5DE00B01459 /* CFNetwork.framework in Frameworks */ = {isa = PBXBuildFile; fileRef = F85FEF1F1058B5DE00B01459 /* CFNetwork.framework */; };
		F85FEF551058BA9700B01459 /* Messaging-Background.png in Resources */ = {isa = PBXBuildFile; fileRef = F85FEF541058BA9700B01459 /* Messaging-Background.png */; };
		F85FEFBA1058C00B00B01459 /* Icon.png in Resources */ = {isa = PBXBuildFile; fileRef = F85FEFB91058C00B00B01459 /* Icon.png */; };
		F85FEFC21058C06300B01459 /* network-error.png in Resources */ = {isa = PBXBuildFile; fileRef = F85FEFC01058C06300B01459 /* network-error.png */; };
		F85FEFC31058C06300B01459 /* network-idle.png in Resources */ = {isa = PBXBuildFile; fileRef = F85FEFC11058C06300B01459 /* network-idle.png */; };
		F8E839F0107AEE8F003920D8 /* CRVStompClient.m in Sources */ = {isa = PBXBuildFile; fileRef = F8E839EF107AEE8F003920D8 /* CRVStompClient.m */; };
		F8FF097F105CC444003A597C /* view-refresh.png in Resources */ = {isa = PBXBuildFile; fileRef = F8FF097E105CC444003A597C /* view-refresh.png */; };
/* End PBXBuildFile section */

/* Begin PBXFileReference section */
		1D30AB110D05D00D00671497 /* Foundation.framework */ = {isa = PBXFileReference; lastKnownFileType = wrapper.framework; name = Foundation.framework; path = System/Library/Frameworks/Foundation.framework; sourceTree = SDKROOT; };
		1D3623240D0F684500981E51 /* StompMessagingDemoAppDelegate.h */ = {isa = PBXFileReference; fileEncoding = 4; lastKnownFileType = sourcecode.c.h; path = StompMessagingDemoAppDelegate.h; sourceTree = "<group>"; };
		1D3623250D0F684500981E51 /* StompMessagingDemoAppDelegate.m */ = {isa = PBXFileReference; fileEncoding = 4; lastKnownFileType = sourcecode.c.objc; path = StompMessagingDemoAppDelegate.m; sourceTree = "<group>"; };
		1D6058910D05DD3D006BFB54 /* StompMessagingDemo.app */ = {isa = PBXFileReference; explicitFileType = wrapper.application; includeInIndex = 0; path = StompMessagingDemo.app; sourceTree = BUILT_PRODUCTS_DIR; };
		1DF5F4DF0D08C38300B7A737 /* UIKit.framework */ = {isa = PBXFileReference; lastKnownFileType = wrapper.framework; name = UIKit.framework; path = System/Library/Frameworks/UIKit.framework; sourceTree = SDKROOT; };
		288765A40DF7441C002DB57D /* CoreGraphics.framework */ = {isa = PBXFileReference; lastKnownFileType = wrapper.framework; name = CoreGraphics.framework; path = System/Library/Frameworks/CoreGraphics.framework; sourceTree = SDKROOT; };
		2899E5210DE3E06400AC0155 /* StompMessagingDemoViewController.xib */ = {isa = PBXFileReference; lastKnownFileType = file.xib; path = StompMessagingDemoViewController.xib; sourceTree = "<group>"; };
		28AD733E0D9D9553002E5188 /* MainWindow.xib */ = {isa = PBXFileReference; lastKnownFileType = file.xib; path = MainWindow.xib; sourceTree = "<group>"; };
		28D7ACF60DDB3853001CB0EB /* StompMessagingDemoViewController.h */ = {isa = PBXFileReference; fileEncoding = 4; lastKnownFileType = sourcecode.c.h; path = StompMessagingDemoViewController.h; sourceTree = "<group>"; };
		28D7ACF70DDB3853001CB0EB /* StompMessagingDemoViewController.m */ = {isa = PBXFileReference; fileEncoding = 4; lastKnownFileType = sourcecode.c.objc; path = StompMessagingDemoViewController.m; sourceTree = "<group>"; };
		29B97316FDCFA39411CA2CEA /* main.m */ = {isa = PBXFileReference; fileEncoding = 4; lastKnownFileType = sourcecode.c.objc; path = main.m; sourceTree = "<group>"; };
		32CA4F630368D1EE00C91783 /* StompMessagingDemo_Prefix.pch */ = {isa = PBXFileReference; fileEncoding = 4; lastKnownFileType = sourcecode.c.h; path = StompMessagingDemo_Prefix.pch; sourceTree = "<group>"; };
		8D1107310486CEB800E47090 /* StompMessagingDemo-Info.plist */ = {isa = PBXFileReference; fileEncoding = 4; lastKnownFileType = text.plist.xml; path = "StompMessagingDemo-Info.plist"; plistStructureDefinitionIdentifier = "com.apple.xcode.plist.structure-definition.iphone.info-plist"; sourceTree = "<group>"; };
		F85FEF171058B59200B01459 /* AsyncSocket.h */ = {isa = PBXFileReference; fileEncoding = 4; lastKnownFileType = sourcecode.c.h; path = AsyncSocket.h; sourceTree = "<group>"; };
		F85FEF181058B59200B01459 /* AsyncSocket.m */ = {isa = PBXFileReference; fileEncoding = 4; lastKnownFileType = sourcecode.c.objc; path = AsyncSocket.m; sourceTree = "<group>"; };
		F85FEF1F1058B5DE00B01459 /* CFNetwork.framework */ = {isa = PBXFileReference; lastKnownFileType = wrapper.framework; name = CFNetwork.framework; path = System/Library/Frameworks/CFNetwork.framework; sourceTree = SDKROOT; };
		F85FEF241058B74000B01459 /* Constants.h */ = {isa = PBXFileReference; fileEncoding = 4; lastKnownFileType = sourcecode.c.h; path = Constants.h; sourceTree = "<group>"; };
		F85FEF541058BA9700B01459 /* Messaging-Background.png */ = {isa = PBXFileReference; lastKnownFileType = image.png; path = "Messaging-Background.png"; sourceTree = "<group>"; };
		F85FEFB91058C00B00B01459 /* Icon.png */ = {isa = PBXFileReference; lastKnownFileType = image.png; path = Icon.png; sourceTree = "<group>"; };
		F85FEFC01058C06300B01459 /* network-error.png */ = {isa = PBXFileReference; lastKnownFileType = image.png; path = "network-error.png"; sourceTree = "<group>"; };
		F85FEFC11058C06300B01459 /* network-idle.png */ = {isa = PBXFileReference; lastKnownFileType = image.png; path = "network-idle.png"; sourceTree = "<group>"; };
		F8E839EE107AEE8F003920D8 /* CRVStompClient.h */ = {isa = PBXFileReference; fileEncoding = 4; lastKnownFileType = sourcecode.c.h; path = CRVStompClient.h; sourceTree = "<group>"; };
		F8E839EF107AEE8F003920D8 /* CRVStompClient.m */ = {isa = PBXFileReference; fileEncoding = 4; lastKnownFileType = sourcecode.c.objc; path = CRVStompClient.m; sourceTree = "<group>"; };
		F8FF097E105CC444003A597C /* view-refresh.png */ = {isa = PBXFileReference; lastKnownFileType = image.png; path = "view-refresh.png"; sourceTree = "<group>"; };
/* End PBXFileReference section */

/* Begin PBXFrameworksBuildPhase section */
		1D60588F0D05DD3D006BFB54 /* Frameworks */ = {
			isa = PBXFrameworksBuildPhase;
			buildActionMask = 2147483647;
			files = (
				1D60589F0D05DD5A006BFB54 /* Foundation.framework in Frameworks */,
				1DF5F4E00D08C38300B7A737 /* UIKit.framework in Frameworks */,
				288765A50DF7441C002DB57D /* CoreGraphics.framework in Frameworks */,
				F85FEF201058B5DE00B01459 /* CFNetwork.framework in Frameworks */,
			);
			runOnlyForDeploymentPostprocessing = 0;
		};
/* End PBXFrameworksBuildPhase section */

/* Begin PBXGroup section */
		080E96DDFE201D6D7F000001 /* Classes */ = {
			isa = PBXGroup;
			children = (
				1D3623240D0F684500981E51 /* StompMessagingDemoAppDelegate.h */,
				1D3623250D0F684500981E51 /* StompMessagingDemoAppDelegate.m */,
				28D7ACF60DDB3853001CB0EB /* StompMessagingDemoViewController.h */,
				28D7ACF70DDB3853001CB0EB /* StompMessagingDemoViewController.m */,
			);
			path = Classes;
			sourceTree = "<group>";
		};
		19C28FACFE9D520D11CA2CBB /* Products */ = {
			isa = PBXGroup;
			children = (
				1D6058910D05DD3D006BFB54 /* StompMessagingDemo.app */,
			);
			name = Products;
			sourceTree = "<group>";
		};
		29B97314FDCFA39411CA2CEA /* CustomTemplate */ = {
			isa = PBXGroup;
			children = (
				F85FEF151058B59200B01459 /* Tools */,
				080E96DDFE201D6D7F000001 /* Classes */,
				29B97315FDCFA39411CA2CEA /* Other Sources */,
				29B97317FDCFA39411CA2CEA /* Resources */,
				29B97323FDCFA39411CA2CEA /* Frameworks */,
				19C28FACFE9D520D11CA2CBB /* Products */,
				F85FEF1F1058B5DE00B01459 /* CFNetwork.framework */,
			);
			name = CustomTemplate;
			sourceTree = "<group>";
		};
		29B97315FDCFA39411CA2CEA /* Other Sources */ = {
			isa = PBXGroup;
			children = (
				32CA4F630368D1EE00C91783 /* StompMessagingDemo_Prefix.pch */,
				29B97316FDCFA39411CA2CEA /* main.m */,
				F85FEF241058B74000B01459 /* Constants.h */,
			);
			name = "Other Sources";
			sourceTree = "<group>";
		};
		29B97317FDCFA39411CA2CEA /* Resources */ = {
			isa = PBXGroup;
			children = (
				F85FEF561058BA9A00B01459 /* images */,
				2899E5210DE3E06400AC0155 /* StompMessagingDemoViewController.xib */,
				28AD733E0D9D9553002E5188 /* MainWindow.xib */,
				8D1107310486CEB800E47090 /* StompMessagingDemo-Info.plist */,
			);
			name = Resources;
			sourceTree = "<group>";
		};
		29B97323FDCFA39411CA2CEA /* Frameworks */ = {
			isa = PBXGroup;
			children = (
				1DF5F4DF0D08C38300B7A737 /* UIKit.framework */,
				1D30AB110D05D00D00671497 /* Foundation.framework */,
				288765A40DF7441C002DB57D /* CoreGraphics.framework */,
			);
			name = Frameworks;
			sourceTree = "<group>";
		};
		F85FEF151058B59200B01459 /* Tools */ = {
			isa = PBXGroup;
			children = (
				F85FEF161058B59200B01459 /* Stomp */,
			);
			name = Tools;
			sourceTree = "<group>";
		};
		F85FEF161058B59200B01459 /* Stomp */ = {
			isa = PBXGroup;
			children = (
				F8E839EE107AEE8F003920D8 /* CRVStompClient.h */,
				F8E839EF107AEE8F003920D8 /* CRVStompClient.m */,
				F85FEF171058B59200B01459 /* AsyncSocket.h */,
				F85FEF181058B59200B01459 /* AsyncSocket.m */,
			);
			name = Stomp;
			sourceTree = "<group>";
		};
		F85FEF561058BA9A00B01459 /* images */ = {
			isa = PBXGroup;
			children = (
				F8FF097E105CC444003A597C /* view-refresh.png */,
				F85FEFC01058C06300B01459 /* network-error.png */,
				F85FEFC11058C06300B01459 /* network-idle.png */,
				F85FEF541058BA9700B01459 /* Messaging-Background.png */,
				F85FEFB91058C00B00B01459 /* Icon.png */,
			);
			name = images;
			sourceTree = "<group>";
		};
/* End PBXGroup section */

/* Begin PBXNativeTarget section */
		1D6058900D05DD3D006BFB54 /* StompMessagingDemo */ = {
			isa = PBXNativeTarget;
			buildConfigurationList = 1D6058960D05DD3E006BFB54 /* Build configuration list for PBXNativeTarget "StompMessagingDemo" */;
			buildPhases = (
				1D60588D0D05DD3D006BFB54 /* Resources */,
				1D60588E0D05DD3D006BFB54 /* Sources */,
				1D60588F0D05DD3D006BFB54 /* Frameworks */,
			);
			buildRules = (
			);
			dependencies = (
			);
			name = StompMessagingDemo;
			productName = StompMessagingDemo;
			productReference = 1D6058910D05DD3D006BFB54 /* StompMessagingDemo.app */;
			productType = "com.apple.product-type.application";
		};
/* End PBXNativeTarget section */

/* Begin PBXProject section */
		29B97313FDCFA39411CA2CEA /* Project object */ = {
			isa = PBXProject;
			buildConfigurationList = C01FCF4E08A954540054247B /* Build configuration list for PBXProject "StompMessagingDemo" */;
			compatibilityVersion = "Xcode 3.1";
			hasScannedForEncodings = 1;
			mainGroup = 29B97314FDCFA39411CA2CEA /* CustomTemplate */;
			projectDirPath = "";
			projectRoot = "";
			targets = (
				1D6058900D05DD3D006BFB54 /* StompMessagingDemo */,
			);
		};
/* End PBXProject section */

/* Begin PBXResourcesBuildPhase section */
		1D60588D0D05DD3D006BFB54 /* Resources */ = {
			isa = PBXResourcesBuildPhase;
			buildActionMask = 2147483647;
			files = (
				28AD733F0D9D9553002E5188 /* MainWindow.xib in Resources */,
				2899E5220DE3E06400AC0155 /* StompMessagingDemoViewController.xib in Resources */,
				F85FEF551058BA9700B01459 /* Messaging-Background.png in Resources */,
				F85FEFBA1058C00B00B01459 /* Icon.png in Resources */,
				F85FEFC21058C06300B01459 /* network-error.png in Resources */,
				F85FEFC31058C06300B01459 /* network-idle.png in Resources */,
				F8FF097F105CC444003A597C /* view-refresh.png in Resources */,
			);
			runOnlyForDeploymentPostprocessing = 0;
		};
/* End PBXResourcesBuildPhase section */

/* Begin PBXSourcesBuildPhase section */
		1D60588E0D05DD3D006BFB54 /* Sources */ = {
			isa = PBXSourcesBuildPhase;
			buildActionMask = 2147483647;
			files = (
				1D60589B0D05DD56006BFB54 /* main.m in Sources */,
				1D3623260D0F684500981E51 /* StompMessagingDemoAppDelegate.m in Sources */,
				28D7ACF80DDB3853001CB0EB /* StompMessagingDemoViewController.m in Sources */,
				F85FEF1B1058B59200B01459 /* AsyncSocket.m in Sources */,
				F8E839F0107AEE8F003920D8 /* CRVStompClient.m in Sources */,
			);
			runOnlyForDeploymentPostprocessing = 0;
		};
/* End PBXSourcesBuildPhase section */

/* Begin XCBuildConfiguration section */
		1D6058940D05DD3E006BFB54 /* Debug */ = {
			isa = XCBuildConfiguration;
			buildSettings = {
				ALWAYS_SEARCH_USER_PATHS = NO;
				COPY_PHASE_STRIP = NO;
				GCC_DYNAMIC_NO_PIC = NO;
				GCC_OPTIMIZATION_LEVEL = 0;
				GCC_PRECOMPILE_PREFIX_HEADER = YES;
				GCC_PREFIX_HEADER = StompMessagingDemo_Prefix.pch;
				INFOPLIST_FILE = "StompMessagingDemo-Info.plist";
				PRODUCT_NAME = StompMessagingDemo;
			};
			name = Debug;
		};
		1D6058950D05DD3E006BFB54 /* Release */ = {
			isa = XCBuildConfiguration;
			buildSettings = {
				ALWAYS_SEARCH_USER_PATHS = NO;
				COPY_PHASE_STRIP = YES;
				GCC_PRECOMPILE_PREFIX_HEADER = YES;
				GCC_PREFIX_HEADER = StompMessagingDemo_Prefix.pch;
				INFOPLIST_FILE = "StompMessagingDemo-Info.plist";
				PRODUCT_NAME = StompMessagingDemo;
			};
			name = Release;
		};
		C01FCF4F08A954540054247B /* Debug */ = {
			isa = XCBuildConfiguration;
			buildSettings = {
				ARCHS = "$(ARCHS_STANDARD_32_BIT)";
				"CODE_SIGN_IDENTITY[sdk=iphoneos*]" = "iPhone Developer";
				GCC_C_LANGUAGE_STANDARD = c99;
				GCC_WARN_ABOUT_RETURN_TYPE = YES;
				GCC_WARN_UNUSED_VARIABLE = YES;
				PREBINDING = NO;
				SDKROOT = iphoneos3.0;
			};
			name = Debug;
		};
		C01FCF5008A954540054247B /* Release */ = {
			isa = XCBuildConfiguration;
			buildSettings = {
				ARCHS = "$(ARCHS_STANDARD_32_BIT)";
				"CODE_SIGN_IDENTITY[sdk=iphoneos*]" = "iPhone Developer";
				GCC_C_LANGUAGE_STANDARD = c99;
				GCC_WARN_ABOUT_RETURN_TYPE = YES;
				GCC_WARN_UNUSED_VARIABLE = YES;
				PREBINDING = NO;
				SDKROOT = iphoneos3.0;
			};
			name = Release;
		};
/* End XCBuildConfiguration section */

/* Begin XCConfigurationList section */
		1D6058960D05DD3E006BFB54 /* Build configuration list for PBXNativeTarget "StompMessagingDemo" */ = {
			isa = XCConfigurationList;
			buildConfigurations = (
				1D6058940D05DD3E006BFB54 /* Debug */,
				1D6058950D05DD3E006BFB54 /* Release */,
			);
			defaultConfigurationIsVisible = 0;
			defaultConfigurationName = Release;
		};
		C01FCF4E08A954540054247B /* Build configuration list for PBXProject "StompMessagingDemo" */ = {
			isa = XCConfigurationList;
			buildConfigurations = (
				C01FCF4F08A954540054247B /* Debug */,
				C01FCF5008A954540054247B /* Release */,
			);
			defaultConfigurationIsVisible = 0;
			defaultConfigurationName = Release;
		};
/* End XCConfigurationList section */
	};
	rootObject = 29B97313FDCFA39411CA2CEA /* Project object */;
}
